
Microsoft Visual Studio Solution File, Format Version 12.00
# Visual Studio Version 17
VisualStudioVersion = 17.4.33122.133
MinimumVisualStudioVersion = 10.0.40219.1
Project("{FAE04EC0-301F-11D3-BF4B-00C04F79EFBC}") = "TaskManager", "TaskManager\TaskManager.csproj", "{271AC198-7BEA-4A4E-B4E8-B8BDD058A0EA}"
EndProject
Global
	GlobalSection(SolutionConfigurationPlatforms) = preSolution
		Debug|Any CPU = Debug|Any CPU
		Debug|x86 = Debug|x86
		Release|Any CPU = Release|Any CPU
		Release|x86 = Release|x86
	EndGlobalSection
	GlobalSection(ProjectConfigurationPlatforms) = postSolution
		{271AC198-7BEA-4A4E-B4E8-B8BDD058A0EA}.Debug|Any CPU.ActiveCfg = Debug|Any CPU
		{271AC198-7BEA-4A4E-B4E8-B8BDD058A0EA}.Debug|Any CPU.Build.0 = Debug|Any CPU
		{271AC198-7BEA-4A4E-B4E8-B8BDD058A0EA}.Debug|x86.ActiveCfg = Debug|x86
		{271AC198-7BEA-4A4E-B4E8-B8BDD058A0EA}.Debug|x86.Build.0 = Debug|x86
		{271AC198-7BEA-4A4E-B4E8-B8BDD058A0EA}.Release|Any CPU.ActiveCfg = Release|Any CPU
		{271AC198-7BEA-4A4E-B4E8-B8BDD058A0EA}.Release|Any CPU.Build.0 = Release|Any CPU
		{271AC198-7BEA-4A4E-B4E8-B8BDD058A0EA}.Release|x86.ActiveCfg = Release|x86
		{271AC198-7BEA-4A4E-B4E8-B8BDD058A0EA}.Release|x86.Build.0 = Release|x86
	EndGlobalSection
	GlobalSection(SolutionProperties) = preSolution
		HideSolutionNode = FALSE
	EndGlobalSection
	GlobalSection(ExtensibilityGlobals) = postSolution
		SolutionGuid = {6DB8E85E-591B-444A-8111-37176DD87674}
	EndGlobalSection
EndGlobal
